<?xml version="1.0" encoding="utf-8"?>
<Project ToolsVersion="4.0" xmlns="http://schemas.microsoft.com/developer/msbuild/2003">
  <ItemGroup>
    <Filter Include="Mixel">
      <UniqueIdentifier>{A4FEAB0D-1013-D4BE-D994-771E4568D0EF}</UniqueIdentifier>
    </Filter>
    <Filter Include="Mixel\Events">
      <UniqueIdentifier>{084A2416-F4AC-B3BA-9D32-EC7089747F3D}</UniqueIdentifier>
    </Filter>
  </ItemGroup>
  <ItemGroup>
    <ClInclude Include="src\Mixel.h" />
    <ClInclude Include="src\Mixel\Application.h">
      <Filter>Mixel</Filter>
    </ClInclude>
    <ClInclude Include="src\Mixel\Core.h">
      <Filter>Mixel</Filter>
    </ClInclude>
    <ClInclude Include="src\Mixel\EntryPoint.h">
      <Filter>Mixel</Filter>
    </ClInclude>
    <ClInclude Include="src\Mixel\Events\ApplicationEvent.h">
      <Filter>Mixel\Events</Filter>
    </ClInclude>
    <ClInclude Include="src\Mixel\Events\Event.h">
      <Filter>Mixel\Events</Filter>
    </ClInclude>
    <ClInclude Include="src\Mixel\Events\KeyEvent.h">
      <Filter>Mixel\Events</Filter>
    </ClInclude>
    <ClInclude Include="src\Mixel\Events\MouseEvent.h">
      <Filter>Mixel\Events</Filter>
    </ClInclude>
    <ClInclude Include="src\Mixel\Log.h">
      <Filter>Mixel</Filter>
    </ClInclude>
    <ClInclude Include="src\mxpch.h" />
  </ItemGroup>
  <ItemGroup>
    <ClCompile Include="src\Mixel\Application.cpp">
      <Filter>Mixel</Filter>
    </ClCompile>
    <ClCompile Include="src\Mixel\Log.cpp">
      <Filter>Mixel</Filter>
    </ClCompile>
    <ClCompile Include="src\mxpch.cpp" />
  </ItemGroup>
</Project>