<?xml version="1.0" encoding="utf-8"?>
<Project ToolsVersion="4.0" xmlns="http://schemas.microsoft.com/developer/msbuild/2003">
  <ItemGroup>
    <Filter Include="Mixel">
      <UniqueIdentifier>{A4FEAB0D-1013-D4BE-D994-771E4568D0EF}</UniqueIdentifier>
    </Filter>
    <Filter Include="Mixel\Events">
      <UniqueIdentifier>{084A2416-F4AC-B3BA-9D32-EC7089747F3D}</UniqueIdentifier>
    </Filter>
    <Filter Include="Platform">
      <UniqueIdentifier>{797a8a87-74f4-40a6-8bcf-ec13b77389b2}</UniqueIdentifier>
    </Filter>
    <Filter Include="Platform\Windows">
      <UniqueIdentifier>{4f43e623-c068-4163-ae9b-0fb03be6bd7e}</UniqueIdentifier>
    </Filter>
  </ItemGroup>
  <ItemGroup>
    <ClInclude Include="src\Mixel.h" />
    <ClInclude Include="src\Mixel\Application.h">
      <Filter>Mixel</Filter>
    </ClInclude>
    <ClInclude Include="src\Mixel\Core.h">
      <Filter>Mixel</Filter>
    </ClInclude>
    <ClInclude Include="src\Mixel\EntryPoint.h">
      <Filter>Mixel</Filter>
    </ClInclude>
    <ClInclude Include="src\Mixel\Events\ApplicationEvent.h">
      <Filter>Mixel\Events</Filter>
    </ClInclude>
    <ClInclude Include="src\Mixel\Events\Event.h">
      <Filter>Mixel\Events</Filter>
    </ClInclude>
    <ClInclude Include="src\Mixel\Events\KeyEvent.h">
      <Filter>Mixel\Events</Filter>
    </ClInclude>
    <ClInclude Include="src\Mixel\Events\MouseEvent.h">
      <Filter>Mixel\Events</Filter>
    </ClInclude>
    <ClInclude Include="src\Mixel\Log.h">
      <Filter>Mixel</Filter>
    </ClInclude>
    <ClInclude Include="src\mxpch.h" />
    <ClInclude Include="src\Mixel\Platform\Windows\WindowsWindow.h">
      <Filter>Platform\Windows</Filter>
    </ClInclude>
    <ClInclude Include="src\Mixel\Window.h">
      <Filter>Mixel</Filter>
    </ClInclude>
  </ItemGroup>
  <ItemGroup>
    <ClCompile Include="src\Mixel\Application.cpp">
      <Filter>Mixel</Filter>
    </ClCompile>
    <ClCompile Include="src\Mixel\Log.cpp">
      <Filter>Mixel</Filter>
    </ClCompile>
    <ClCompile Include="src\mxpch.cpp" />
    <ClCompile Include="src\Mixel\Platform\Windows\WindowsWindow.cpp">
      <Filter>Platform\Windows</Filter>
    </ClCompile>
  </ItemGroup>
</Project>